
Microsoft Visual Studio Solution File, Format Version 12.00
# Visual Studio Version 16
VisualStudioVersion = 16.0.30320.27
MinimumVisualStudioVersion = 10.0.40219.1
Project("{9A19103F-16F7-4668-BE54-9A1E7A4F7556}") = "eShopSolution.WebApp", "eShopSolution.WebApp\eShopSolution.WebApp.csproj", "{F0C5D661-FADA-453C-A14E-931B8F2C9173}"
EndProject
Project("{2150E333-8FDC-42A3-9474-1A3956D46DE8}") = "Solution Items", "Solution Items", "{3470038C-6941-41CA-8541-88C074C49E3C}"
	ProjectSection(SolutionItems) = preProject
		README.md = README.md
	EndProjectSection
EndProject
Project("{9A19103F-16F7-4668-BE54-9A1E7A4F7556}") = "eShopSolution.Data", "eShopSolution.Data\eShopSolution.Data.csproj", "{4910364F-9476-4D74-A579-143F7C388541}"
EndProject
Project("{9A19103F-16F7-4668-BE54-9A1E7A4F7556}") = "eShopSolution.Application", "eShopSolution.Application\eShopSolution.Application.csproj", "{99AB5626-F2D7-46E0-9B13-EB96FFC11A6D}"
EndProject
Project("{9A19103F-16F7-4668-BE54-9A1E7A4F7556}") = "EShop.Utilities", "EShop.Utilities\EShop.Utilities.csproj", "{FA5B347A-2EE0-49A8-A641-25DD1949263E}"
EndProject
Project("{9A19103F-16F7-4668-BE54-9A1E7A4F7556}") = "eShopSolution.ViewModels", "eShopSolution.ViewModels\eShopSolution.ViewModels.csproj", "{D4195AA7-29D7-4387-82A6-ECE292CF2F98}"
EndProject
Project("{FAE04EC0-301F-11D3-BF4B-00C04F79EFBC}") = "eShopSolution.BackendAPI", "eShopSolution.BackendAPI\eShopSolution.BackendAPI.csproj", "{77F1566F-0BF9-41F9-AC1C-350D70D48ACC}"
EndProject
Global
	GlobalSection(SolutionConfigurationPlatforms) = preSolution
		Debug|Any CPU = Debug|Any CPU
		Release|Any CPU = Release|Any CPU
	EndGlobalSection
	GlobalSection(ProjectConfigurationPlatforms) = postSolution
		{F0C5D661-FADA-453C-A14E-931B8F2C9173}.Debug|Any CPU.ActiveCfg = Debug|Any CPU
		{F0C5D661-FADA-453C-A14E-931B8F2C9173}.Debug|Any CPU.Build.0 = Debug|Any CPU
		{F0C5D661-FADA-453C-A14E-931B8F2C9173}.Release|Any CPU.ActiveCfg = Release|Any CPU
		{F0C5D661-FADA-453C-A14E-931B8F2C9173}.Release|Any CPU.Build.0 = Release|Any CPU
		{4910364F-9476-4D74-A579-143F7C388541}.Debug|Any CPU.ActiveCfg = Debug|Any CPU
		{4910364F-9476-4D74-A579-143F7C388541}.Debug|Any CPU.Build.0 = Debug|Any CPU
		{4910364F-9476-4D74-A579-143F7C388541}.Release|Any CPU.ActiveCfg = Release|Any CPU
		{4910364F-9476-4D74-A579-143F7C388541}.Release|Any CPU.Build.0 = Release|Any CPU
		{99AB5626-F2D7-46E0-9B13-EB96FFC11A6D}.Debug|Any CPU.ActiveCfg = Debug|Any CPU
		{99AB5626-F2D7-46E0-9B13-EB96FFC11A6D}.Debug|Any CPU.Build.0 = Debug|Any CPU
		{99AB5626-F2D7-46E0-9B13-EB96FFC11A6D}.Release|Any CPU.ActiveCfg = Release|Any CPU
		{99AB5626-F2D7-46E0-9B13-EB96FFC11A6D}.Release|Any CPU.Build.0 = Release|Any CPU
		{FA5B347A-2EE0-49A8-A641-25DD1949263E}.Debug|Any CPU.ActiveCfg = Debug|Any CPU
		{FA5B347A-2EE0-49A8-A641-25DD1949263E}.Debug|Any CPU.Build.0 = Debug|Any CPU
		{FA5B347A-2EE0-49A8-A641-25DD1949263E}.Release|Any CPU.ActiveCfg = Release|Any CPU
		{FA5B347A-2EE0-49A8-A641-25DD1949263E}.Release|Any CPU.Build.0 = Release|Any CPU
		{D4195AA7-29D7-4387-82A6-ECE292CF2F98}.Debug|Any CPU.ActiveCfg = Debug|Any CPU
		{D4195AA7-29D7-4387-82A6-ECE292CF2F98}.Debug|Any CPU.Build.0 = Debug|Any CPU
		{D4195AA7-29D7-4387-82A6-ECE292CF2F98}.Release|Any CPU.ActiveCfg = Release|Any CPU
		{D4195AA7-29D7-4387-82A6-ECE292CF2F98}.Release|Any CPU.Build.0 = Release|Any CPU
		{77F1566F-0BF9-41F9-AC1C-350D70D48ACC}.Debug|Any CPU.ActiveCfg = Debug|Any CPU
		{77F1566F-0BF9-41F9-AC1C-350D70D48ACC}.Debug|Any CPU.Build.0 = Debug|Any CPU
		{77F1566F-0BF9-41F9-AC1C-350D70D48ACC}.Release|Any CPU.ActiveCfg = Release|Any CPU
		{77F1566F-0BF9-41F9-AC1C-350D70D48ACC}.Release|Any CPU.Build.0 = Release|Any CPU
	EndGlobalSection
	GlobalSection(SolutionProperties) = preSolution
		HideSolutionNode = FALSE
	EndGlobalSection
	GlobalSection(ExtensibilityGlobals) = postSolution
		SolutionGuid = {B80C8A5E-305F-4590-BD2C-24718F05286C}
	EndGlobalSection
EndGlobal
