
Microsoft Visual Studio Solution File, Format Version 12.00
# Visual Studio Version 16
VisualStudioVersion = 16.0.30320.27
MinimumVisualStudioVersion = 10.0.40219.1
Project("{9A19103F-16F7-4668-BE54-9A1E7A4F7556}") = "eShopSolution.WebApp", "eShopSolution.WebApp\eShopSolution.WebApp.csproj", "{F0C5D661-FADA-453C-A14E-931B8F2C9173}"
EndProject
Project("{2150E333-8FDC-42A3-9474-1A3956D46DE8}") = "Solution Items", "Solution Items", "{3470038C-6941-41CA-8541-88C074C49E3C}"
	ProjectSection(SolutionItems) = preProject
		README.md = README.md
	EndProjectSection
EndProject
Global
	GlobalSection(SolutionConfigurationPlatforms) = preSolution
		Debug|Any CPU = Debug|Any CPU
		Release|Any CPU = Release|Any CPU
	EndGlobalSection
	GlobalSection(ProjectConfigurationPlatforms) = postSolution
		{F0C5D661-FADA-453C-A14E-931B8F2C9173}.Debug|Any CPU.ActiveCfg = Debug|Any CPU
		{F0C5D661-FADA-453C-A14E-931B8F2C9173}.Debug|Any CPU.Build.0 = Debug|Any CPU
		{F0C5D661-FADA-453C-A14E-931B8F2C9173}.Release|Any CPU.ActiveCfg = Release|Any CPU
		{F0C5D661-FADA-453C-A14E-931B8F2C9173}.Release|Any CPU.Build.0 = Release|Any CPU
	EndGlobalSection
	GlobalSection(SolutionProperties) = preSolution
		HideSolutionNode = FALSE
	EndGlobalSection
	GlobalSection(ExtensibilityGlobals) = postSolution
		SolutionGuid = {B80C8A5E-305F-4590-BD2C-24718F05286C}
	EndGlobalSection
EndGlobal
